// !$*UTF8*$!
{
	archiveVersion = 1;
	classes = {
	};
	objectVersion = 46;
	objects = {

/* Begin PBXBuildFile section */
		F55740441B6B9A0700DD5322 /* AppDelegate.swift in Sources */ = {isa = PBXBuildFile; fileRef = F55740431B6B9A0700DD5322 /* AppDelegate.swift */; };
		F55740491B6B9A0700DD5322 /* Main.storyboard in Resources */ = {isa = PBXBuildFile; fileRef = F55740471B6B9A0700DD5322 /* Main.storyboard */; };
		F557404B1B6B9A0700DD5322 /* Assets.xcassets in Resources */ = {isa = PBXBuildFile; fileRef = F557404A1B6B9A0700DD5322 /* Assets.xcassets */; };
		F557404E1B6B9A0700DD5322 /* LaunchScreen.storyboard in Resources */ = {isa = PBXBuildFile; fileRef = F557404C1B6B9A0700DD5322 /* LaunchScreen.storyboard */; };
		F55740561B6B9ABC00DD5322 /* FBSideMenuViewController.swift in Sources */ = {isa = PBXBuildFile; fileRef = F55740551B6B9ABC00DD5322 /* FBSideMenuViewController.swift */; };
		F580F8F71B6F5AF400DA3C22 /* FBNavigationController.swift in Sources */ = {isa = PBXBuildFile; fileRef = F580F8F61B6F5AF400DA3C22 /* FBNavigationController.swift */; };
		F58621A81B70BC0A004DAFEF /* FBTableViewCell.xib in Resources */ = {isa = PBXBuildFile; fileRef = F58621A71B70BC0A004DAFEF /* FBTableViewCell.xib */; };
		F58621AA1B70BC26004DAFEF /* FBTableViewCell.swift in Sources */ = {isa = PBXBuildFile; fileRef = F58621A91B70BC26004DAFEF /* FBTableViewCell.swift */; };
		F5BE8ED31B6FC29A0008D9A5 /* FBSideMenuViewController.xib in Resources */ = {isa = PBXBuildFile; fileRef = F5BE8ED21B6FC29A0008D9A5 /* FBSideMenuViewController.xib */; };
		F5BE8ED51B70A9500008D9A5 /* FBNavigationController.xib in Resources */ = {isa = PBXBuildFile; fileRef = F5BE8ED41B70A9500008D9A5 /* FBNavigationController.xib */; };
/* End PBXBuildFile section */

/* Begin PBXFileReference section */
		F55740401B6B9A0700DD5322 /* FBNavigationPattern.app */ = {isa = PBXFileReference; explicitFileType = wrapper.application; includeInIndex = 0; path = FBNavigationPattern.app; sourceTree = BUILT_PRODUCTS_DIR; };
		F55740431B6B9A0700DD5322 /* AppDelegate.swift */ = {isa = PBXFileReference; lastKnownFileType = sourcecode.swift; path = AppDelegate.swift; sourceTree = "<group>"; };
		F55740481B6B9A0700DD5322 /* Base */ = {isa = PBXFileReference; lastKnownFileType = file.storyboard; name = Base; path = Base.lproj/Main.storyboard; sourceTree = "<group>"; };
		F557404A1B6B9A0700DD5322 /* Assets.xcassets */ = {isa = PBXFileReference; lastKnownFileType = folder.assetcatalog; path = Assets.xcassets; sourceTree = "<group>"; };
		F557404D1B6B9A0700DD5322 /* Base */ = {isa = PBXFileReference; lastKnownFileType = file.storyboard; name = Base; path = Base.lproj/LaunchScreen.storyboard; sourceTree = "<group>"; };
		F557404F1B6B9A0700DD5322 /* Info.plist */ = {isa = PBXFileReference; lastKnownFileType = text.plist.xml; path = Info.plist; sourceTree = "<group>"; };
		F55740551B6B9ABC00DD5322 /* FBSideMenuViewController.swift */ = {isa = PBXFileReference; fileEncoding = 4; lastKnownFileType = sourcecode.swift; path = FBSideMenuViewController.swift; sourceTree = "<group>"; };
		F580F8F61B6F5AF400DA3C22 /* FBNavigationController.swift */ = {isa = PBXFileReference; fileEncoding = 4; lastKnownFileType = sourcecode.swift; path = FBNavigationController.swift; sourceTree = "<group>"; };
		F58621A71B70BC0A004DAFEF /* FBTableViewCell.xib */ = {isa = PBXFileReference; fileEncoding = 4; lastKnownFileType = file.xib; path = FBTableViewCell.xib; sourceTree = "<group>"; };
		F58621A91B70BC26004DAFEF /* FBTableViewCell.swift */ = {isa = PBXFileReference; fileEncoding = 4; lastKnownFileType = sourcecode.swift; path = FBTableViewCell.swift; sourceTree = "<group>"; };
		F5BE8ED21B6FC29A0008D9A5 /* FBSideMenuViewController.xib */ = {isa = PBXFileReference; fileEncoding = 4; lastKnownFileType = file.xib; path = FBSideMenuViewController.xib; sourceTree = "<group>"; };
		F5BE8ED41B70A9500008D9A5 /* FBNavigationController.xib */ = {isa = PBXFileReference; fileEncoding = 4; lastKnownFileType = file.xib; path = FBNavigationController.xib; sourceTree = "<group>"; };
/* End PBXFileReference section */

/* Begin PBXFrameworksBuildPhase section */
		F557403D1B6B9A0700DD5322 /* Frameworks */ = {
			isa = PBXFrameworksBuildPhase;
			buildActionMask = 2147483647;
			files = (
			);
			runOnlyForDeploymentPostprocessing = 0;
		};
/* End PBXFrameworksBuildPhase section */

/* Begin PBXGroup section */
		F55740371B6B9A0700DD5322 = {
			isa = PBXGroup;
			children = (
				F55740421B6B9A0700DD5322 /* FBNavigationPattern */,
				F55740411B6B9A0700DD5322 /* Products */,
			);
			sourceTree = "<group>";
		};
		F55740411B6B9A0700DD5322 /* Products */ = {
			isa = PBXGroup;
			children = (
				F55740401B6B9A0700DD5322 /* FBNavigationPattern.app */,
			);
			name = Products;
			sourceTree = "<group>";
		};
		F55740421B6B9A0700DD5322 /* FBNavigationPattern */ = {
			isa = PBXGroup;
			children = (
				F591BA5D1B70E40E00A1CF8C /* Pod */,
				F55740431B6B9A0700DD5322 /* AppDelegate.swift */,
				F55740471B6B9A0700DD5322 /* Main.storyboard */,
				F557404A1B6B9A0700DD5322 /* Assets.xcassets */,
				F557404C1B6B9A0700DD5322 /* LaunchScreen.storyboard */,
				F557404F1B6B9A0700DD5322 /* Info.plist */,
			);
			path = FBNavigationPattern;
			sourceTree = "<group>";
		};
		F591BA5D1B70E40E00A1CF8C /* Pod */ = {
			isa = PBXGroup;
			children = (
				F5BE8ED21B6FC29A0008D9A5 /* FBSideMenuViewController.xib */,
				F58621A71B70BC0A004DAFEF /* FBTableViewCell.xib */,
				F5BE8ED41B70A9500008D9A5 /* FBNavigationController.xib */,
				F58621A91B70BC26004DAFEF /* FBTableViewCell.swift */,
				F580F8F61B6F5AF400DA3C22 /* FBNavigationController.swift */,
				F55740551B6B9ABC00DD5322 /* FBSideMenuViewController.swift */,
			);
			name = Pod;
			sourceTree = "<group>";
		};
/* End PBXGroup section */

/* Begin PBXNativeTarget section */
		F557403F1B6B9A0700DD5322 /* FBNavigationPattern */ = {
			isa = PBXNativeTarget;
			buildConfigurationList = F55740521B6B9A0700DD5322 /* Build configuration list for PBXNativeTarget "FBNavigationPattern" */;
			buildPhases = (
				F557403C1B6B9A0700DD5322 /* Sources */,
				F557403D1B6B9A0700DD5322 /* Frameworks */,
				F557403E1B6B9A0700DD5322 /* Resources */,
			);
			buildRules = (
			);
			dependencies = (
			);
			name = FBNavigationPattern;
			productName = FBNavigationPattern;
			productReference = F55740401B6B9A0700DD5322 /* FBNavigationPattern.app */;
			productType = "com.apple.product-type.application";
		};
/* End PBXNativeTarget section */

/* Begin PBXProject section */
		F55740381B6B9A0700DD5322 /* Project object */ = {
			isa = PBXProject;
			attributes = {
				LastUpgradeCheck = 0700;
				ORGANIZATIONNAME = "Florent THOMAS-MOREL";
				TargetAttributes = {
					F557403F1B6B9A0700DD5322 = {
						CreatedOnToolsVersion = 7.0;
					};
				};
			};
			buildConfigurationList = F557403B1B6B9A0700DD5322 /* Build configuration list for PBXProject "FBNavigationPattern" */;
			compatibilityVersion = "Xcode 3.2";
			developmentRegion = English;
			hasScannedForEncodings = 0;
			knownRegions = (
				en,
				Base,
			);
			mainGroup = F55740371B6B9A0700DD5322;
			productRefGroup = F55740411B6B9A0700DD5322 /* Products */;
			projectDirPath = "";
			projectRoot = "";
			targets = (
				F557403F1B6B9A0700DD5322 /* FBNavigationPattern */,
			);
		};
/* End PBXProject section */

/* Begin PBXResourcesBuildPhase section */
		F557403E1B6B9A0700DD5322 /* Resources */ = {
			isa = PBXResourcesBuildPhase;
			buildActionMask = 2147483647;
			files = (
				F557404E1B6B9A0700DD5322 /* LaunchScreen.storyboard in Resources */,
				F557404B1B6B9A0700DD5322 /* Assets.xcassets in Resources */,
				F5BE8ED51B70A9500008D9A5 /* FBNavigationController.xib in Resources */,
				F5BE8ED31B6FC29A0008D9A5 /* FBSideMenuViewController.xib in Resources */,
				F55740491B6B9A0700DD5322 /* Main.storyboard in Resources */,
				F58621A81B70BC0A004DAFEF /* FBTableViewCell.xib in Resources */,
			);
			runOnlyForDeploymentPostprocessing = 0;
		};
/* End PBXResourcesBuildPhase section */

/* Begin PBXSourcesBuildPhase section */
		F557403C1B6B9A0700DD5322 /* Sources */ = {
			isa = PBXSourcesBuildPhase;
			buildActionMask = 2147483647;
			files = (
				F580F8F71B6F5AF400DA3C22 /* FBNavigationController.swift in Sources */,
				F58621AA1B70BC26004DAFEF /* FBTableViewCell.swift in Sources */,
				F55740441B6B9A0700DD5322 /* AppDelegate.swift in Sources */,
				F55740561B6B9ABC00DD5322 /* FBSideMenuViewController.swift in Sources */,
			);
			runOnlyForDeploymentPostprocessing = 0;
		};
/* End PBXSourcesBuildPhase section */

/* Begin PBXVariantGroup section */
		F55740471B6B9A0700DD5322 /* Main.storyboard */ = {
			isa = PBXVariantGroup;
			children = (
				F55740481B6B9A0700DD5322 /* Base */,
			);
			name = Main.storyboard;
			sourceTree = "<group>";
		};
		F557404C1B6B9A0700DD5322 /* LaunchScreen.storyboard */ = {
			isa = PBXVariantGroup;
			children = (
				F557404D1B6B9A0700DD5322 /* Base */,
			);
			name = LaunchScreen.storyboard;
			sourceTree = "<group>";
		};
/* End PBXVariantGroup section */

/* Begin XCBuildConfiguration section */
		F55740501B6B9A0700DD5322 /* Debug */ = {
			isa = XCBuildConfiguration;
			buildSettings = {
				ALWAYS_SEARCH_USER_PATHS = NO;
				CLANG_CXX_LANGUAGE_STANDARD = "gnu++0x";
				CLANG_CXX_LIBRARY = "libc++";
				CLANG_ENABLE_MODULES = YES;
				CLANG_ENABLE_OBJC_ARC = YES;
				CLANG_WARN_BOOL_CONVERSION = YES;
				CLANG_WARN_CONSTANT_CONVERSION = YES;
				CLANG_WARN_DIRECT_OBJC_ISA_USAGE = YES_ERROR;
				CLANG_WARN_EMPTY_BODY = YES;
				CLANG_WARN_ENUM_CONVERSION = YES;
				CLANG_WARN_INT_CONVERSION = YES;
				CLANG_WARN_OBJC_ROOT_CLASS = YES_ERROR;
				CLANG_WARN_UNREACHABLE_CODE = YES;
				CLANG_WARN__DUPLICATE_METHOD_MATCH = YES;
				"CODE_SIGN_IDENTITY[sdk=iphoneos*]" = "iPhone Developer";
				COPY_PHASE_STRIP = NO;
				DEBUG_INFORMATION_FORMAT = dwarf;
				ENABLE_STRICT_OBJC_MSGSEND = YES;
				ENABLE_TESTABILITY = YES;
				GCC_C_LANGUAGE_STANDARD = gnu99;
				GCC_DYNAMIC_NO_PIC = NO;
				GCC_NO_COMMON_BLOCKS = YES;
				GCC_OPTIMIZATION_LEVEL = 0;
				GCC_PREPROCESSOR_DEFINITIONS = (
					"DEBUG=1",
					"$(inherited)",
				);
				GCC_WARN_64_TO_32_BIT_CONVERSION = YES;
				GCC_WARN_ABOUT_RETURN_TYPE = YES_ERROR;
				GCC_WARN_UNDECLARED_SELECTOR = YES;
				GCC_WARN_UNINITIALIZED_AUTOS = YES_AGGRESSIVE;
				GCC_WARN_UNUSED_FUNCTION = YES;
				GCC_WARN_UNUSED_VARIABLE = YES;
				IPHONEOS_DEPLOYMENT_TARGET = 9.0;
				MTL_ENABLE_DEBUG_INFO = YES;
				ONLY_ACTIVE_ARCH = YES;
				SDKROOT = iphoneos;
				SWIFT_OPTIMIZATION_LEVEL = "-Onone";
			};
			name = Debug;
		};
		F55740511B6B9A0700DD5322 /* Release */ = {
			isa = XCBuildConfiguration;
			buildSettings = {
				ALWAYS_SEARCH_USER_PATHS = NO;
				CLANG_CXX_LANGUAGE_STANDARD = "gnu++0x";
				CLANG_CXX_LIBRARY = "libc++";
				CLANG_ENABLE_MODULES = YES;
				CLANG_ENABLE_OBJC_ARC = YES;
				CLANG_WARN_BOOL_CONVERSION = YES;
				CLANG_WARN_CONSTANT_CONVERSION = YES;
				CLANG_WARN_DIRECT_OBJC_ISA_USAGE = YES_ERROR;
				CLANG_WARN_EMPTY_BODY = YES;
				CLANG_WARN_ENUM_CONVERSION = YES;
				CLANG_WARN_INT_CONVERSION = YES;
				CLANG_WARN_OBJC_ROOT_CLASS = YES_ERROR;
				CLANG_WARN_UNREACHABLE_CODE = YES;
				CLANG_WARN__DUPLICATE_METHOD_MATCH = YES;
				"CODE_SIGN_IDENTITY[sdk=iphoneos*]" = "iPhone Developer";
				COPY_PHASE_STRIP = NO;
				DEBUG_INFORMATION_FORMAT = "dwarf-with-dsym";
				ENABLE_NS_ASSERTIONS = NO;
				ENABLE_STRICT_OBJC_MSGSEND = YES;
				GCC_C_LANGUAGE_STANDARD = gnu99;
				GCC_NO_COMMON_BLOCKS = YES;
				GCC_WARN_64_TO_32_BIT_CONVERSION = YES;
				GCC_WARN_ABOUT_RETURN_TYPE = YES_ERROR;
				GCC_WARN_UNDECLARED_SELECTOR = YES;
				GCC_WARN_UNINITIALIZED_AUTOS = YES_AGGRESSIVE;
				GCC_WARN_UNUSED_FUNCTION = YES;
				GCC_WARN_UNUSED_VARIABLE = YES;
				IPHONEOS_DEPLOYMENT_TARGET = 9.0;
				MTL_ENABLE_DEBUG_INFO = NO;
				SDKROOT = iphoneos;
				VALIDATE_PRODUCT = YES;
			};
			name = Release;
		};
		F55740531B6B9A0700DD5322 /* Debug */ = {
			isa = XCBuildConfiguration;
			buildSettings = {
				ASSETCATALOG_COMPILER_APPICON_NAME = AppIcon;
				CODE_SIGN_IDENTITY = "iPhone Developer";
				"CODE_SIGN_IDENTITY[sdk=iphoneos*]" = "iPhone Developer";
				ENABLE_BITCODE = NO;
				INFOPLIST_FILE = FBNavigationPattern/Info.plist;
				IPHONEOS_DEPLOYMENT_TARGET = 7.1;
				LD_RUNPATH_SEARCH_PATHS = "$(inherited) @executable_path/Frameworks";
				PRODUCT_BUNDLE_IDENTIFIER = FBNavigationPattern;
				PRODUCT_NAME = "$(TARGET_NAME)";
			};
			name = Debug;
		};
		F55740541B6B9A0700DD5322 /* Release */ = {
			isa = XCBuildConfiguration;
			buildSettings = {
				ASSETCATALOG_COMPILER_APPICON_NAME = AppIcon;
				CODE_SIGN_IDENTITY = "iPhone Distribution";
				"CODE_SIGN_IDENTITY[sdk=iphoneos*]" = "iPhone Distribution";
				ENABLE_BITCODE = NO;
				INFOPLIST_FILE = FBNavigationPattern/Info.plist;
				IPHONEOS_DEPLOYMENT_TARGET = 7.1;
				LD_RUNPATH_SEARCH_PATHS = "$(inherited) @executable_path/Frameworks";
				PRODUCT_BUNDLE_IDENTIFIER = FBNavigationPattern;
				PRODUCT_NAME = "$(TARGET_NAME)";
			};
			name = Release;
		};
/* End XCBuildConfiguration section */

/* Begin XCConfigurationList section */
		F557403B1B6B9A0700DD5322 /* Build configuration list for PBXProject "FBNavigationPattern" */ = {
			isa = XCConfigurationList;
			buildConfigurations = (
				F55740501B6B9A0700DD5322 /* Debug */,
				F55740511B6B9A0700DD5322 /* Release */,
			);
			defaultConfigurationIsVisible = 0;
			defaultConfigurationName = Release;
		};
		F55740521B6B9A0700DD5322 /* Build configuration list for PBXNativeTarget "FBNavigationPattern" */ = {
			isa = XCConfigurationList;
			buildConfigurations = (
				F55740531B6B9A0700DD5322 /* Debug */,
				F55740541B6B9A0700DD5322 /* Release */,
			);
			defaultConfigurationIsVisible = 0;
			defaultConfigurationName = Release;
		};
/* End XCConfigurationList section */
	};
	rootObject = F55740381B6B9A0700DD5322 /* Project object */;
}
